lockfileVersion: 5.3

importers:

  .:
    specifiers:
      '@ethersproject/providers': ^5.5.3
      '@ethersproject/wallet': ^5.5.0
      '@types/node': ^17.0.15
      '@types/uuid': ^8.3.3
      bob-ts: ^3.0.2
      bob-tsm: ^0.4.6
      esbuild: ^0.14.19
      ethers: ^5.4.7
      execa: ^6.0.0
      husky: ^7.0.2
      lint-staged: ^12.3.3
      prettier: ^2.4.1
      slugify: ^1.6.0
      turbo: ^1.0.7
      typescript: ^4.5.4
      uuid: ^8.3.2
    dependencies:
      '@ethersproject/wallet': 5.5.0
      ethers: 5.5.4
      slugify: 1.6.5
      uuid: 8.3.2
    devDependencies:
      '@ethersproject/providers': 5.5.3
      '@types/node': 17.0.15
      '@types/uuid': 8.3.4
      bob-ts: 3.0.2_c7230c76fb9925b5edccf615f8186e24
      bob-tsm: 0.4.6_esbuild@0.14.19+typescript@4.5.5
      esbuild: 0.14.19
      execa: 6.1.0
      husky: 7.0.4
      lint-staged: 12.3.7
      prettier: 2.6.1
      turbo: 1.1.10
      typescript: 4.5.5

packages:

  /@ethersproject/abi/5.5.0:
    resolution: {integrity: sha512-loW7I4AohP5KycATvc0MgujU6JyCHPqHdeoo9z3Nr9xEiNioxa65ccdm1+fsoJhkuhdRtfcL8cfyGamz2AxZ5w==}
    dependencies:
      '@ethersproject/address': 5.5.0
      '@ethersproject/bignumber': 5.6.0
      '@ethersproject/bytes': 5.6.0
      '@ethersproject/constants': 5.6.0
      '@ethersproject/hash': 5.5.0
      '@ethersproject/keccak256': 5.5.0
      '@ethersproject/logger': 5.6.0
      '@ethersproject/properties': 5.5.0
      '@ethersproject/strings': 5.5.0
    dev: false

  /@ethersproject/abstract-provider/5.5.1:
    resolution: {integrity: sha512-m+MA/ful6eKbxpr99xUYeRvLkfnlqzrF8SZ46d/xFB1A7ZVknYc/sXJG0RcufF52Qn2jeFj1hhcoQ7IXjNKUqg==}
    dependencies:
      '@ethersproject/bignumber': 5.6.0
      '@ethersproject/bytes': 5.6.0
      '@ethersproject/logger': 5.6.0
      '@ethersproject/networks': 5.5.2
      '@ethersproject/properties': 5.5.0
      '@ethersproject/transactions': 5.5.0
      '@ethersproject/web': 5.5.1

  /@ethersproject/abstract-signer/5.5.0:
    resolution: {integrity: sha512-lj//7r250MXVLKI7sVarXAbZXbv9P50lgmJQGr2/is82EwEb8r7HrxsmMqAjTsztMYy7ohrIhGMIml+Gx4D3mA==}
    dependencies:
      '@ethersproject/abstract-provider': 5.5.1
      '@ethersproject/bignumber': 5.6.0
      '@ethersproject/bytes': 5.6.0
      '@ethersproject/logger': 5.6.0
      '@ethersproject/properties': 5.5.0

  /@ethersproject/address/5.5.0:
    resolution: {integrity: sha512-l4Nj0eWlTUh6ro5IbPTgbpT4wRbdH5l8CQf7icF7sb/SI3Nhd9Y9HzhonTSTi6CefI0necIw7LJqQPopPLZyWw==}
    dependencies:
      '@ethersproject/bignumber': 5.6.0
      '@ethersproject/bytes': 5.6.0
      '@ethersproject/keccak256': 5.5.0
      '@ethersproject/logger': 5.6.0
      '@ethersproject/rlp': 5.5.0

  /@ethersproject/base64/5.5.0:
    resolution: {integrity: sha512-tdayUKhU1ljrlHzEWbStXazDpsx4eg1dBXUSI6+mHlYklOXoXF6lZvw8tnD6oVaWfnMxAgRSKROg3cVKtCcppA==}
    dependencies:
      '@ethersproject/bytes': 5.6.0

  /@ethersproject/basex/5.5.0:
    resolution: {integrity: sha512-ZIodwhHpVJ0Y3hUCfUucmxKsWQA5TMnavp5j/UOuDdzZWzJlRmuOjcTMIGgHCYuZmHt36BfiSyQPSRskPxbfaQ==}
    dependencies:
      '@ethersproject/bytes': 5.6.0
      '@ethersproject/properties': 5.5.0

  /@ethersproject/bignumber/5.5.0:
    resolution: {integrity: sha512-6Xytlwvy6Rn3U3gKEc1vP7nR92frHkv6wtVr95LFR3jREXiCPzdWxKQ1cx4JGQBXxcguAwjA8murlYN2TSiEbg==}
    dependencies:
      '@ethersproject/bytes': 5.6.0
      '@ethersproject/logger': 5.6.0
      bn.js: 4.12.0
    dev: false

  /@ethersproject/bignumber/5.6.0:
    resolution: {integrity: sha512-VziMaXIUHQlHJmkv1dlcd6GY2PmT0khtAqaMctCIDogxkrarMzA9L94KN1NeXqqOfFD6r0sJT3vCTOFSmZ07DA==}
    dependencies:
      '@ethersproject/bytes': 5.6.0
      '@ethersproject/logger': 5.6.0
      bn.js: 4.12.0

  /@ethersproject/bytes/5.5.0:
    resolution: {integrity: sha512-ABvc7BHWhZU9PNM/tANm/Qx4ostPGadAuQzWTr3doklZOhDlmcBqclrQe/ZXUIj3K8wC28oYeuRa+A37tX9kog==}
    dependencies:
      '@ethersproject/logger': 5.6.0
    dev: false

  /@ethersproject/bytes/5.6.0:
    resolution: {integrity: sha512-3hJPlYemb9V4VLfJF5BfN0+55vltPZSHU3QKUyP9M3Y2TcajbiRrz65UG+xVHOzBereB1b9mn7r12o177xgN7w==}
    dependencies:
      '@ethersproject/logger': 5.6.0

  /@ethersproject/constants/5.5.0:
    resolution: {integrity: sha512-2MsRRVChkvMWR+GyMGY4N1sAX9Mt3J9KykCsgUFd/1mwS0UH1qw+Bv9k1UJb3X3YJYFco9H20pjSlOIfCG5HYQ==}
    dependencies:
      '@ethersproject/bignumber': 5.6.0
    dev: false

  /@ethersproject/constants/5.6.0:
    resolution: {integrity: sha512-SrdaJx2bK0WQl23nSpV/b1aq293Lh0sUaZT/yYKPDKn4tlAbkH96SPJwIhwSwTsoQQZxuh1jnqsKwyymoiBdWA==}
    dependencies:
      '@ethersproject/bignumber': 5.6.0

  /@ethersproject/contracts/5.5.0:
    resolution: {integrity: sha512-2viY7NzyvJkh+Ug17v7g3/IJC8HqZBDcOjYARZLdzRxrfGlRgmYgl6xPRKVbEzy1dWKw/iv7chDcS83pg6cLxg==}
    dependencies:
      '@ethersproject/abi': 5.5.0
      '@ethersproject/abstract-provider': 5.5.1
      '@ethersproject/abstract-signer': 5.5.0
      '@ethersproject/address': 5.5.0
      '@ethersproject/bignumber': 5.6.0
      '@ethersproject/bytes': 5.6.0
      '@ethersproject/constants': 5.6.0
      '@ethersproject/logger': 5.6.0
      '@ethersproject/properties': 5.5.0
      '@ethersproject/transactions': 5.5.0
    dev: false

  /@ethersproject/hash/5.5.0:
    resolution: {integrity: sha512-dnGVpK1WtBjmnp3mUT0PlU2MpapnwWI0PibldQEq1408tQBAbZpPidkWoVVuNMOl/lISO3+4hXZWCL3YV7qzfg==}
    dependencies:
      '@ethersproject/abstract-signer': 5.5.0
      '@ethersproject/address': 5.5.0
      '@ethersproject/bignumber': 5.6.0
      '@ethersproject/bytes': 5.6.0
      '@ethersproject/keccak256': 5.5.0
      '@ethersproject/logger': 5.6.0
      '@ethersproject/properties': 5.5.0
      '@ethersproject/strings': 5.5.0

  /@ethersproject/hdnode/5.5.0:
    resolution: {integrity: sha512-mcSOo9zeUg1L0CoJH7zmxwUG5ggQHU1UrRf8jyTYy6HxdZV+r0PBoL1bxr+JHIPXRzS6u/UW4mEn43y0tmyF8Q==}
    dependencies:
      '@ethersproject/abstract-signer': 5.5.0
      '@ethersproject/basex': 5.5.0
      '@ethersproject/bignumber': 5.6.0
      '@ethersproject/bytes': 5.6.0
      '@ethersproject/logger': 5.6.0
      '@ethersproject/pbkdf2': 5.5.0
      '@ethersproject/properties': 5.5.0
      '@ethersproject/sha2': 5.5.0
      '@ethersproject/signing-key': 5.5.0
      '@ethersproject/strings': 5.5.0
      '@ethersproject/transactions': 5.5.0
      '@ethersproject/wordlists': 5.5.0
    dev: false

  /@ethersproject/json-wallets/5.5.0:
    resolution: {integrity: sha512-9lA21XQnCdcS72xlBn1jfQdj2A1VUxZzOzi9UkNdnokNKke/9Ya2xA9aIK1SC3PQyBDLt4C+dfps7ULpkvKikQ==}
    dependencies:
      '@ethersproject/abstract-signer': 5.5.0
      '@ethersproject/address': 5.5.0
      '@ethersproject/bytes': 5.6.0
      '@ethersproject/hdnode': 5.5.0
      '@ethersproject/keccak256': 5.5.0
      '@ethersproject/logger': 5.6.0
      '@ethersproject/pbkdf2': 5.5.0
      '@ethersproject/properties': 5.5.0
      '@ethersproject/random': 5.5.1
      '@ethersproject/strings': 5.5.0
      '@ethersproject/transactions': 5.5.0
      aes-js: 3.0.0
      scrypt-js: 3.0.1
    dev: false

  /@ethersproject/keccak256/5.5.0:
    resolution: {integrity: sha512-5VoFCTjo2rYbBe1l2f4mccaRFN/4VQEYFwwn04aJV2h7qf4ZvI2wFxUE1XOX+snbwCLRzIeikOqtAoPwMza9kg==}
    dependencies:
      '@ethersproject/bytes': 5.6.0
      js-sha3: 0.8.0

  /@ethersproject/logger/5.5.0:
    resolution: {integrity: sha512-rIY/6WPm7T8n3qS2vuHTUBPdXHl+rGxWxW5okDfo9J4Z0+gRRZT0msvUdIJkE4/HS29GUMziwGaaKO2bWONBrg==}
    dev: false

  /@ethersproject/logger/5.6.0:
    resolution: {integrity: sha512-BiBWllUROH9w+P21RzoxJKzqoqpkyM1pRnEKG69bulE9TSQD8SAIvTQqIMZmmCO8pUNkgLP1wndX1gKghSpBmg==}

  /@ethersproject/networks/5.5.2:
    resolution: {integrity: sha512-NEqPxbGBfy6O3x4ZTISb90SjEDkWYDUbEeIFhJly0F7sZjoQMnj5KYzMSkMkLKZ+1fGpx00EDpHQCy6PrDupkQ==}
    dependencies:
      '@ethersproject/logger': 5.6.0

  /@ethersproject/pbkdf2/5.5.0:
    resolution: {integrity: sha512-SaDvQFvXPnz1QGpzr6/HToLifftSXGoXrbpZ6BvoZhmx4bNLHrxDe8MZisuecyOziP1aVEwzC2Hasj+86TgWVg==}
    dependencies:
      '@ethersproject/bytes': 5.6.0
      '@ethersproject/sha2': 5.5.0
    dev: false

  /@ethersproject/properties/5.5.0:
    resolution: {integrity: sha512-l3zRQg3JkD8EL3CPjNK5g7kMx4qSwiR60/uk5IVjd3oq1MZR5qUg40CNOoEJoX5wc3DyY5bt9EbMk86C7x0DNA==}
    dependencies:
      '@ethersproject/logger': 5.6.0

  /@ethersproject/providers/5.5.3:
    resolution: {integrity: sha512-ZHXxXXXWHuwCQKrgdpIkbzMNJMvs+9YWemanwp1fA7XZEv7QlilseysPvQe0D7Q7DlkJX/w/bGA1MdgK2TbGvA==}
    dependencies:
      '@ethersproject/abstract-provider': 5.5.1
      '@ethersproject/abstract-signer': 5.5.0
      '@ethersproject/address': 5.5.0
      '@ethersproject/basex': 5.5.0
      '@ethersproject/bignumber': 5.6.0
      '@ethersproject/bytes': 5.6.0
      '@ethersproject/constants': 5.6.0
      '@ethersproject/hash': 5.5.0
      '@ethersproject/logger': 5.6.0
      '@ethersproject/networks': 5.5.2
      '@ethersproject/properties': 5.5.0
      '@ethersproject/random': 5.5.1
      '@ethersproject/rlp': 5.5.0
      '@ethersproject/sha2': 5.5.0
      '@ethersproject/strings': 5.5.0
      '@ethersproject/transactions': 5.5.0
      '@ethersproject/web': 5.5.1
      bech32: 1.1.4
      ws: 7.4.6
    transitivePeerDependencies:
      - bufferutil
      - utf-8-validate

  /@ethersproject/random/5.5.1:
    resolution: {integrity: sha512-YaU2dQ7DuhL5Au7KbcQLHxcRHfgyNgvFV4sQOo0HrtW3Zkrc9ctWNz8wXQ4uCSfSDsqX2vcjhroxU5RQRV0nqA==}
    dependencies:
      '@ethersproject/bytes': 5.6.0
      '@ethersproject/logger': 5.6.0

  /@ethersproject/rlp/5.5.0:
    resolution: {integrity: sha512-hLv8XaQ8PTI9g2RHoQGf/WSxBfTB/NudRacbzdxmst5VHAqd1sMibWG7SENzT5Dj3yZ3kJYx+WiRYEcQTAkcYA==}
    dependencies:
      '@ethersproject/bytes': 5.6.0
      '@ethersproject/logger': 5.6.0

  /@ethersproject/sha2/5.5.0:
    resolution: {integrity: sha512-B5UBoglbCiHamRVPLA110J+2uqsifpZaTmid2/7W5rbtYVz6gus6/hSDieIU/6gaKIDcOj12WnOdiymEUHIAOA==}
    dependencies:
      '@ethersproject/bytes': 5.6.0
      '@ethersproject/logger': 5.6.0
      hash.js: 1.1.7

  /@ethersproject/signing-key/5.5.0:
    resolution: {integrity: sha512-5VmseH7qjtNmDdZBswavhotYbWB0bOwKIlOTSlX14rKn5c11QmJwGt4GHeo7NrL/Ycl7uo9AHvEqs5xZgFBTng==}
    dependencies:
      '@ethersproject/bytes': 5.6.0
      '@ethersproject/logger': 5.6.0
      '@ethersproject/properties': 5.5.0
      bn.js: 4.12.0
      elliptic: 6.5.4
      hash.js: 1.1.7

  /@ethersproject/solidity/5.5.0:
    resolution: {integrity: sha512-9NgZs9LhGMj6aCtHXhtmFQ4AN4sth5HuFXVvAQtzmm0jpSCNOTGtrHZJAeYTh7MBjRR8brylWZxBZR9zDStXbw==}
    dependencies:
      '@ethersproject/bignumber': 5.6.0
      '@ethersproject/bytes': 5.6.0
      '@ethersproject/keccak256': 5.5.0
      '@ethersproject/logger': 5.6.0
      '@ethersproject/sha2': 5.5.0
      '@ethersproject/strings': 5.5.0
    dev: false

  /@ethersproject/strings/5.5.0:
    resolution: {integrity: sha512-9fy3TtF5LrX/wTrBaT8FGE6TDJyVjOvXynXJz5MT5azq+E6D92zuKNx7i29sWW2FjVOaWjAsiZ1ZWznuduTIIQ==}
    dependencies:
      '@ethersproject/bytes': 5.6.0
      '@ethersproject/constants': 5.6.0
      '@ethersproject/logger': 5.6.0

  /@ethersproject/transactions/5.5.0:
    resolution: {integrity: sha512-9RZYSKX26KfzEd/1eqvv8pLauCKzDTub0Ko4LfIgaERvRuwyaNV78mJs7cpIgZaDl6RJui4o49lHwwCM0526zA==}
    dependencies:
      '@ethersproject/address': 5.5.0
      '@ethersproject/bignumber': 5.6.0
      '@ethersproject/bytes': 5.6.0
      '@ethersproject/constants': 5.6.0
      '@ethersproject/keccak256': 5.5.0
      '@ethersproject/logger': 5.6.0
      '@ethersproject/properties': 5.5.0
      '@ethersproject/rlp': 5.5.0
      '@ethersproject/signing-key': 5.5.0

  /@ethersproject/units/5.5.0:
    resolution: {integrity: sha512-7+DpjiZk4v6wrikj+TCyWWa9dXLNU73tSTa7n0TSJDxkYbV3Yf1eRh9ToMLlZtuctNYu9RDNNy2USq3AdqSbag==}
    dependencies:
      '@ethersproject/bignumber': 5.6.0
      '@ethersproject/constants': 5.6.0
      '@ethersproject/logger': 5.6.0
    dev: false

  /@ethersproject/wallet/5.5.0:
    resolution: {integrity: sha512-Mlu13hIctSYaZmUOo7r2PhNSd8eaMPVXe1wxrz4w4FCE4tDYBywDH+bAR1Xz2ADyXGwqYMwstzTrtUVIsKDO0Q==}
    dependencies:
      '@ethersproject/abstract-provider': 5.5.1
      '@ethersproject/abstract-signer': 5.5.0
      '@ethersproject/address': 5.5.0
      '@ethersproject/bignumber': 5.6.0
      '@ethersproject/bytes': 5.6.0
      '@ethersproject/hash': 5.5.0
      '@ethersproject/hdnode': 5.5.0
      '@ethersproject/json-wallets': 5.5.0
      '@ethersproject/keccak256': 5.5.0
      '@ethersproject/logger': 5.6.0
      '@ethersproject/properties': 5.5.0
      '@ethersproject/random': 5.5.1
      '@ethersproject/signing-key': 5.5.0
      '@ethersproject/transactions': 5.5.0
      '@ethersproject/wordlists': 5.5.0
    dev: false

  /@ethersproject/web/5.5.1:
    resolution: {integrity: sha512-olvLvc1CB12sREc1ROPSHTdFCdvMh0J5GSJYiQg2D0hdD4QmJDy8QYDb1CvoqD/bF1c++aeKv2sR5uduuG9dQg==}
    dependencies:
      '@ethersproject/base64': 5.5.0
      '@ethersproject/bytes': 5.6.0
      '@ethersproject/logger': 5.6.0
      '@ethersproject/properties': 5.5.0
      '@ethersproject/strings': 5.5.0

  /@ethersproject/wordlists/5.5.0:
    resolution: {integrity: sha512-bL0UTReWDiaQJJYOC9sh/XcRu/9i2jMrzf8VLRmPKx58ckSlOJiohODkECCO50dtLZHcGU6MLXQ4OOrgBwP77Q==}
    dependencies:
      '@ethersproject/bytes': 5.6.0
      '@ethersproject/hash': 5.5.0
      '@ethersproject/logger': 5.6.0
      '@ethersproject/properties': 5.5.0
      '@ethersproject/strings': 5.5.0
    dev: false

  /@rollup/pluginutils/4.1.2:
    resolution: {integrity: sha512-ROn4qvkxP9SyPeHaf7uQC/GPFY6L/OWy9+bd9AwcjOAWQwxRscoEyAUD8qCY5o5iL4jqQwoLk2kaTKJPb/HwzQ==}
    engines: {node: '>= 8.0.0'}
    dependencies:
      estree-walker: 2.0.2
      picomatch: 2.3.1
    dev: true

  /@types/node/17.0.15:
    resolution: {integrity: sha512-zWt4SDDv1S9WRBNxLFxFRHxdD9tvH8f5/kg5/IaLFdnSNXsDY4eL3Q3XXN+VxUnWIhyVFDwcsmAprvwXoM/ClA==}
    dev: true

  /@types/uuid/8.3.4:
    resolution: {integrity: sha512-c/I8ZRb51j+pYGAu5CrFMRxqZ2ke4y2grEBO5AUjgSkSk+qT2Ea+OdWElz/OiMf5MNpn2b17kuVBwZLQJXzihw==}
    dev: true

  /aes-js/3.0.0:
    resolution: {integrity: sha1-4h3xCtbCBTKVvLuNq0Cwnb6ofk0=}
    dev: false

  /aggregate-error/3.1.0:
    resolution: {integrity: sha512-4I7Td01quW/RpocfNayFdFVk1qSuoh0E7JrbRJ16nH01HhKFQ88INq9Sd+nd72zqRySlr9BmDA8xlEJ6vJMrYA==}
    engines: {node: '>=8'}
    dependencies:
      clean-stack: 2.2.0
      indent-string: 4.0.0
    dev: true

  /ansi-escapes/4.3.2:
    resolution: {integrity: sha512-gKXj5ALrKWQLsYG9jlTRmR/xKluxHV+Z9QEwNIgCfM1/uwPMCuzVVnh5mwTd+OuBZcwSIMbqssNWRm1lE51QaQ==}
    engines: {node: '>=8'}
    dependencies:
      type-fest: 0.21.3
    dev: true

  /ansi-regex/5.0.1:
    resolution: {integrity: sha512-quJQXlTSUGL2LH9SUXo8VwsY4soanhgo6LNSm84E1LBcE8s3O0wpdiRzyR9z/ZZJMlMWv37qOOb9pdJlMUEKFQ==}
    engines: {node: '>=8'}
    dev: true

  /ansi-regex/6.0.1:
    resolution: {integrity: sha512-n5M855fKb2SsfMIiFFoVrABHJC8QtHwVx+mHWP3QcEqBHYienj5dHSgjbxtC0WEZXYt4wcD6zrQElDPhFuZgfA==}
    engines: {node: '>=12'}
    dev: true

  /ansi-styles/4.3.0:
    resolution: {integrity: sha512-zbB9rCJAT1rbjiVDb2hqKFHNYLxgtk8NURxZ3IZwD3F6NtxbXZQCnnSi1Lkx+IDohdPlFp222wVALIheZJQSEg==}
    engines: {node: '>=8'}
    dependencies:
      color-convert: 2.0.1
    dev: true

  /ansi-styles/6.1.0:
    resolution: {integrity: sha512-VbqNsoz55SYGczauuup0MFUyXNQviSpFTj1RQtFzmQLk18qbVSpTFFGMT293rmDaQuKCT6InmbuEyUne4mTuxQ==}
    engines: {node: '>=12'}
    dev: true

  /astral-regex/2.0.0:
    resolution: {integrity: sha512-Z7tMw1ytTXt5jqMcOP+OQteU1VuNK9Y02uuJtKQ1Sv69jXQKKg5cibLwGJow8yzZP+eAc18EmLGPal0bp36rvQ==}
    engines: {node: '>=8'}
    dev: true

  /bech32/1.1.4:
    resolution: {integrity: sha512-s0IrSOzLlbvX7yp4WBfPITzpAU8sqQcpsmwXDiKwrG4r491vwCO/XpejasRNl0piBMe/DvP4Tz0mIS/X1DPJBQ==}

  /bn.js/4.12.0:
    resolution: {integrity: sha512-c98Bf3tPniI+scsdk237ku1Dc3ujXQTSgyiPUDEOe7tRkhrqridvh8klBv0HCEso1OLOYcHuCv/cS6DNxKH+ZA==}

  /bob-esbuild-plugin/3.1.3_esbuild@0.14.19+rollup@2.67.0:
    resolution: {integrity: sha512-UC9rXnhQ9S4PwOqaw+ttMcQVhpu+HkEJpocEXEZ1EA1JOoqbi7gPVmsSwnj4jo/PhKS9lWi7FEhxJn0evQvWUQ==}
    peerDependencies:
      esbuild: '>=0.14.9'
      rollup: '*'
    dependencies:
      '@rollup/pluginutils': 4.1.2
      esbuild: 0.14.19
      rollup: 2.67.0
    dev: true

  /bob-ts/3.0.2_c7230c76fb9925b5edccf615f8186e24:
    resolution: {integrity: sha512-bX3rc3BpeTiw5+xoH6a3O2RX1v3hckGAzztTUPaoV/YRchbArSHl60fSSJfO4o0zaeStdvAGeD6hy9OnSbsS8w==}
    engines: {node: ^12.20.0 || >=14.13.0}
    hasBin: true
    peerDependencies:
      '@types/node': '*'
      esbuild: '>=0.14.13'
      typescript: '*'
    dependencies:
      '@types/node': 17.0.15
      bob-esbuild-plugin: 3.1.3_esbuild@0.14.19+rollup@2.67.0
      esbuild: 0.14.19
      rollup: 2.67.0
      typescript: 4.5.5
    dev: true

  /bob-tsm/0.4.6_esbuild@0.14.19+typescript@4.5.5:
    resolution: {integrity: sha512-CrNjbphPfTiK73CFczwGpF15THOe7/glwF9Yu+24yy1dsZyB803LBzJ26MEAXFGy0x7ni1OqpogVB8LYDmZQaA==}
    engines: {node: ^12.20.0 || >=14.13.0}
    hasBin: true
    peerDependencies:
      esbuild: '>=0.14.13'
      typescript: '>=4.1.2'
    peerDependenciesMeta:
      typescript:
        optional: true
    dependencies:
      esbuild: 0.14.19
      typescript: 4.5.5
    optionalDependencies:
      fsevents: 2.3.2
    dev: true

  /braces/3.0.2:
    resolution: {integrity: sha512-b8um+L1RzM3WDSzvhm6gIz1yfTbBt6YTlcEKAvsmqCZZFw46z626lVj9j1yEPW33H5H+lBQpZMP1k8l+78Ha0A==}
    engines: {node: '>=8'}
    dependencies:
      fill-range: 7.0.1
    dev: true

  /brorand/1.1.0:
    resolution: {integrity: sha1-EsJe/kCkXjwyPrhnWgoM5XsiNx8=}

  /clean-stack/2.2.0:
    resolution: {integrity: sha512-4diC9HaTE+KRAMWhDhrGOECgWZxoevMc5TlkObMqNSsVU62PYzXZ/SMTjzyGAFF1YusgxGcSWTEXBhp0CPwQ1A==}
    engines: {node: '>=6'}
    dev: true

  /cli-cursor/3.1.0:
    resolution: {integrity: sha512-I/zHAwsKf9FqGoXM4WWRACob9+SNukZTd94DWF57E4toouRulbCxcUh6RKUEOQlYTHJnzkPMySvPNaaSLNfLZw==}
    engines: {node: '>=8'}
    dependencies:
      restore-cursor: 3.1.0
    dev: true

  /cli-truncate/2.1.0:
    resolution: {integrity: sha512-n8fOixwDD6b/ObinzTrp1ZKFzbgvKZvuz/TvejnLn1aQfC6r52XEx85FmuC+3HI+JM7coBRXUvNqEU2PHVrHpg==}
    engines: {node: '>=8'}
    dependencies:
      slice-ansi: 3.0.0
      string-width: 4.2.3
    dev: true

  /cli-truncate/3.1.0:
    resolution: {integrity: sha512-wfOBkjXteqSnI59oPcJkcPl/ZmwvMMOj340qUIY1SKZCv0B9Cf4D4fAucRkIKQmsIuYK3x1rrgU7MeGRruiuiA==}
    engines: {node: ^12.20.0 || ^14.13.1 || >=16.0.0}
    dependencies:
      slice-ansi: 5.0.0
      string-width: 5.1.2
    dev: true

  /color-convert/2.0.1:
    resolution: {integrity: sha512-RRECPsj7iu/xb5oKYcsFHSppFNnsj/52OVTRKb4zP5onXwVF3zVmmToNcOfGC+CRDpfK/U584fMg38ZHCaElKQ==}
    engines: {node: '>=7.0.0'}
    dependencies:
      color-name: 1.1.4
    dev: true

  /color-name/1.1.4:
    resolution: {integrity: sha512-dOy+3AuW3a2wNbZHIuMZpTcgjGuLU/uBL/ubcZF9OXbDo8ff4O8yVp5Bf0efS8uEoYo5q4Fx7dY9OgQGXgAsQA==}
    dev: true

  /colorette/2.0.16:
    resolution: {integrity: sha512-hUewv7oMjCp+wkBv5Rm0v87eJhq4woh5rSR+42YSQJKecCqgIqNkZ6lAlQms/BwHPJA5NKMRlpxPRv0n8HQW6g==}
    dev: true

  /commander/8.3.0:
    resolution: {integrity: sha512-OkTL9umf+He2DZkUq8f8J9of7yL6RJKI24dVITBmNfZBmri9zYZQrKkuXiKhyfPSu8tUhnVBB1iKXevvnlR4Ww==}
    engines: {node: '>= 12'}
    dev: true

  /cross-spawn/7.0.3:
    resolution: {integrity: sha512-iRDPJKUPVEND7dHPO8rkbOnPpyDygcDFtWjpeWNCgy8WP2rXcxXL8TskReQl6OrB2G7+UJrags1q15Fudc7G6w==}
    engines: {node: '>= 8'}
    dependencies:
      path-key: 3.1.1
      shebang-command: 2.0.0
      which: 2.0.2
    dev: true

  /debug/4.3.4_supports-color@9.2.1:
    resolution: {integrity: sha512-PRWFHuSU3eDtQJPvnNY7Jcket1j0t5OuOsFzPPzsekD52Zl8qUfFIPEiswXqIvHWGVHOgX+7G/vCNNhehwxfkQ==}
    engines: {node: '>=6.0'}
    peerDependencies:
      supports-color: '*'
    peerDependenciesMeta:
      supports-color:
        optional: true
    dependencies:
      ms: 2.1.2
      supports-color: 9.2.1
    dev: true

  /eastasianwidth/0.2.0:
    resolution: {integrity: sha512-I88TYZWc9XiYHRQ4/3c5rjjfgkjhLyW2luGIheGERbNQ6OY7yTybanSpDXZa8y7VUP9YmDcYa+eyq4ca7iLqWA==}
    dev: true

  /elliptic/6.5.4:
    resolution: {integrity: sha512-iLhC6ULemrljPZb+QutR5TQGB+pdW6KGD5RSegS+8sorOZT+rdQFbsQFJgvN3eRqNALqJer4oQ16YvJHlU8hzQ==}
    dependencies:
      bn.js: 4.12.0
      brorand: 1.1.0
      hash.js: 1.1.7
      hmac-drbg: 1.0.1
      inherits: 2.0.4
      minimalistic-assert: 1.0.1
      minimalistic-crypto-utils: 1.0.1

  /emoji-regex/8.0.0:
    resolution: {integrity: sha512-MSjYzcWNOA0ewAHpz0MxpYFvwg6yjy1NG3xteoqz644VCo/RPgnr1/GGt+ic3iJTzQ8Eu3TdM14SawnVUmGE6A==}
    dev: true

  /emoji-regex/9.2.2:
    resolution: {integrity: sha512-L18DaJsXSUk2+42pv8mLs5jJT2hqFkFE4j21wOmgbUqsZ2hL72NsUU785g9RXgo3s0ZNgVl42TiHp3ZtOv/Vyg==}
    dev: true

  /esbuild-android-arm64/0.14.19:
    resolution: {integrity: sha512-5Mziv27+XaHXEizlDBkgzSbkYvAyPCwarmMHr5WYYjtM4oAz1DdIT+arZY1mW6M4/5pGPsmFCGyJ3UVXtgjtMw==}
    engines: {node: '>=12'}
    cpu: [arm64]
    os: [android]
    requiresBuild: true
    dev: true
    optional: true

  /esbuild-darwin-64/0.14.19:
    resolution: {integrity: sha512-7AVoNnlLkU2Cm7yaJkPO3RxDwjbXR5pv6JQlnhUEjGdq2+anR235whUf9bJ77s3PgawLKN4bd/FiS+zTnrR5DA==}
    engines: {node: '>=12'}
    cpu: [x64]
    os: [darwin]
    requiresBuild: true
    dev: true
    optional: true

  /esbuild-darwin-arm64/0.14.19:
    resolution: {integrity: sha512-0th1UC7AwpUVjRAVbfrHeFMxAO4mHfj+ai+gkUmoTNmAZ2h5+wJM0la+9hEu7MtgE70NoX7c1m50PKJupFOk6A==}
    engines: {node: '>=12'}
    cpu: [arm64]
    os: [darwin]
    requiresBuild: true
    dev: true
    optional: true

  /esbuild-freebsd-64/0.14.19:
    resolution: {integrity: sha512-RvEKE6qUAlT8HpICIcj73ebOpwoRLKVNBcJVmeYEsiIwtJf/Cc0TW/jQagwqe3s2Cw0Os+FBtB7azNW670zwLQ==}
    engines: {node: '>=12'}
    cpu: [x64]
    os: [freebsd]
    requiresBuild: true
    dev: true
    optional: true

  /esbuild-freebsd-arm64/0.14.19:
    resolution: {integrity: sha512-XIZKnLHwz4E18FOWi4bdl8CkV7HYxqHE8WS7j3HFw0+uJa6S0iCqDTz5QyQxxOxXbytQdKWAdB7zuU8k3KbrQA==}
    engines: {node: '>=12'}
    cpu: [arm64]
    os: [freebsd]
    requiresBuild: true
    dev: true
    optional: true

  /esbuild-linux-32/0.14.19:
    resolution: {integrity: sha512-v1NBJjhYzJPJNrBzhiGGyM9N1rUsqLtyLPSnLldnvrWTC+OYgTbq2vItvzXKM6P36VpioFsPIIGe0FYI+z/lUg==}
    engines: {node: '>=12'}
    cpu: [ia32]
    os: [linux]
    requiresBuild: true
    dev: true
    optional: true

  /esbuild-linux-64/0.14.19:
    resolution: {integrity: sha512-DtnOiAo0Vc4elOxl8U6wRMRXEj7ZMVy1brlzGGS8ia1IzDoJce10+3y7yvhzJsTlYjIC2uZ1gfUadGSX+L1ZXg==}
    engines: {node: '>=12'}
    cpu: [x64]
    os: [linux]
    requiresBuild: true
    dev: true
    optional: true

  /esbuild-linux-arm/0.14.19:
    resolution: {integrity: sha512-NAKn1k0sH7V1Qy2myC7DEwDKA6ZgHm9u0Iu8Sl3Ke+H9Mw4KN4/fxWa+NGaXc0s/qeM2zIz6OPc39UxREeu+jQ==}
    engines: {node: '>=12'}
    cpu: [arm]
    os: [linux]
    requiresBuild: true
    dev: true
    optional: true

  /esbuild-linux-arm64/0.14.19:
    resolution: {integrity: sha512-igp6q1r60mGgOnzOkFdfa7GueXdTtsUCdkKvnKi3GMHIartBwccIIT1KfmE3JUAKsCpmuu0Qn6m05Oje7fIftw==}
    engines: {node: '>=12'}
    cpu: [arm64]
    os: [linux]
    requiresBuild: true
    dev: true
    optional: true

  /esbuild-linux-mips64le/0.14.19:
    resolution: {integrity: sha512-fxqV/oe3uZYBWIwzYYX78qeMKoF+ovPCv5Y6OEBdw5bBvzhsY2SXHeMtedYSOAEtoUwQbPbRShXb1WpBLR/bTw==}
    engines: {node: '>=12'}
    cpu: [mips64el]
    os: [linux]
    requiresBuild: true
    dev: true
    optional: true

  /esbuild-linux-ppc64le/0.14.19:
    resolution: {integrity: sha512-YbfC4HD4GbiwkojrAL3aXHzvuOfUZwUMQP5EoctsOQQ5yYlfYQkeXtE2KWaoc1uf9XHsmLaapkEOL4Y30rhPEg==}
    engines: {node: '>=12'}
    cpu: [ppc64]
    os: [linux]
    requiresBuild: true
    dev: true
    optional: true

  /esbuild-linux-s390x/0.14.19:
    resolution: {integrity: sha512-cjVGsJh+XAzWH/KmqaLcMKP7qP4WJJILmrn3AKVWhcNEYX/pfXFE6Gi1DIr/Wzp1j9cX+wA5xFCo4CJV0QPSSw==}
    engines: {node: '>=12'}
    cpu: [s390x]
    os: [linux]
    requiresBuild: true
    dev: true
    optional: true

  /esbuild-netbsd-64/0.14.19:
    resolution: {integrity: sha512-tteQWdqq4u4BpP3CjpW1CpZbeIuAtdrKV0i0C0TrrL5T0d1DPiGjiNuqu1YsyCfSP44Umk5DT4GZD0kpEwNN1g==}
    engines: {node: '>=12'}
    cpu: [x64]
    os: [netbsd]
    requiresBuild: true
    dev: true
    optional: true

  /esbuild-openbsd-64/0.14.19:
    resolution: {integrity: sha512-W6aQZlLkMHerQ6wKCR869pwkg5ohTUKNuhC8EBl9t6Cb8kv2KLWC8hG+477hksdeWMaVimu3pHvzCMVkBDIhmw==}
    engines: {node: '>=12'}
    cpu: [x64]
    os: [openbsd]
    requiresBuild: true
    dev: true
    optional: true

  /esbuild-sunos-64/0.14.19:
    resolution: {integrity: sha512-FIsHunnUs6DqCYdkUNScxbdvjxIxW/33+4Kz6BNMekKPCqOKnXU/0xIaoRt7f798B4UI+ocx31hqSViRn37Qig==}
    engines: {node: '>=12'}
    cpu: [x64]
    os: [sunos]
    requiresBuild: true
    dev: true
    optional: true

  /esbuild-windows-32/0.14.19:
    resolution: {integrity: sha512-HY9k1v9LXFYicR4h4F6c04a4Ls7jp2MOAxDVRAofq4Exfx5oogskFSAl2vdRfhmtBYGE9TrGUSs4GUUuKTsfWQ==}
    engines: {node: '>=12'}
    cpu: [ia32]
    os: [win32]
    requiresBuild: true
    dev: true
    optional: true

  /esbuild-windows-64/0.14.19:
    resolution: {integrity: sha512-qtDhyyCgHPjVQXNWQsfs5+dzqXeOkD58RmowUx7ps8prmkCfsSz6Uv0z0xgz04+S7ozng3+JSWHRc3JklpvLOg==}
    engines: {node: '>=12'}
    cpu: [x64]
    os: [win32]
    requiresBuild: true
    dev: true
    optional: true

  /esbuild-windows-arm64/0.14.19:
    resolution: {integrity: sha512-i1vTm6dwHCoXB+Dg2bmyr/DlJevA05nHem0QlKK4XmR0lGqJjOmmvNKyOEyXCYMBCSqnJKpg5bDBY3O1mRO8Cw==}
    engines: {node: '>=12'}
    cpu: [arm64]
    os: [win32]
    requiresBuild: true
    dev: true
    optional: true

  /esbuild/0.14.19:
    resolution: {integrity: sha512-aBbxc+wvD608wYlpKGtOjUGnhiM/0LLndrkVL8dYxIRb3I+lEBJ1w3i2A4rfd5z3Tf4IzJJ1c+HHliC02WQdJg==}
    engines: {node: '>=12'}
    hasBin: true
    requiresBuild: true
    optionalDependencies:
      esbuild-android-arm64: 0.14.19
      esbuild-darwin-64: 0.14.19
      esbuild-darwin-arm64: 0.14.19
      esbuild-freebsd-64: 0.14.19
      esbuild-freebsd-arm64: 0.14.19
      esbuild-linux-32: 0.14.19
      esbuild-linux-64: 0.14.19
      esbuild-linux-arm: 0.14.19
      esbuild-linux-arm64: 0.14.19
      esbuild-linux-mips64le: 0.14.19
      esbuild-linux-ppc64le: 0.14.19
      esbuild-linux-s390x: 0.14.19
      esbuild-netbsd-64: 0.14.19
      esbuild-openbsd-64: 0.14.19
      esbuild-sunos-64: 0.14.19
      esbuild-windows-32: 0.14.19
      esbuild-windows-64: 0.14.19
      esbuild-windows-arm64: 0.14.19
    dev: true

  /estree-walker/2.0.2:
    resolution: {integrity: sha512-Rfkk/Mp/DL7JVje3u18FxFujQlTNR2q6QfMSMB7AvCBx91NGj/ba3kCfza0f6dVDbw7YlRf/nDrn7pQrCCyQ/w==}
    dev: true

  /ethers/5.5.4:
    resolution: {integrity: sha512-N9IAXsF8iKhgHIC6pquzRgPBJEzc9auw3JoRkaKe+y4Wl/LFBtDDunNe7YmdomontECAcC5APaAgWZBiu1kirw==}
    dependencies:
      '@ethersproject/abi': 5.5.0
      '@ethersproject/abstract-provider': 5.5.1
      '@ethersproject/abstract-signer': 5.5.0
      '@ethersproject/address': 5.5.0
      '@ethersproject/base64': 5.5.0
      '@ethersproject/basex': 5.5.0
      '@ethersproject/bignumber': 5.5.0
      '@ethersproject/bytes': 5.5.0
      '@ethersproject/constants': 5.5.0
      '@ethersproject/contracts': 5.5.0
      '@ethersproject/hash': 5.5.0
      '@ethersproject/hdnode': 5.5.0
      '@ethersproject/json-wallets': 5.5.0
      '@ethersproject/keccak256': 5.5.0
      '@ethersproject/logger': 5.5.0
      '@ethersproject/networks': 5.5.2
      '@ethersproject/pbkdf2': 5.5.0
      '@ethersproject/properties': 5.5.0
      '@ethersproject/providers': 5.5.3
      '@ethersproject/random': 5.5.1
      '@ethersproject/rlp': 5.5.0
      '@ethersproject/sha2': 5.5.0
      '@ethersproject/signing-key': 5.5.0
      '@ethersproject/solidity': 5.5.0
      '@ethersproject/strings': 5.5.0
      '@ethersproject/transactions': 5.5.0
      '@ethersproject/units': 5.5.0
      '@ethersproject/wallet': 5.5.0
      '@ethersproject/web': 5.5.1
      '@ethersproject/wordlists': 5.5.0
    transitivePeerDependencies:
      - bufferutil
      - utf-8-validate
    dev: false

  /execa/5.1.1:
    resolution: {integrity: sha512-8uSpZZocAZRBAPIEINJj3Lo9HyGitllczc27Eh5YYojjMFMn8yHMDMaUHE2Jqfq05D/wucwI4JGURyXt1vchyg==}
    engines: {node: '>=10'}
    dependencies:
      cross-spawn: 7.0.3
      get-stream: 6.0.1
      human-signals: 2.1.0
      is-stream: 2.0.1
      merge-stream: 2.0.0
      npm-run-path: 4.0.1
      onetime: 5.1.2
      signal-exit: 3.0.7
      strip-final-newline: 2.0.0
    dev: true

  /execa/6.1.0:
    resolution: {integrity: sha512-QVWlX2e50heYJcCPG0iWtf8r0xjEYfz/OYLGDYH+IyjWezzPNxz63qNFOu0l4YftGWuizFVZHHs8PrLU5p2IDA==}
    engines: {node: ^12.20.0 || ^14.13.1 || >=16.0.0}
    dependencies:
      cross-spawn: 7.0.3
      get-stream: 6.0.1
      human-signals: 3.0.1
      is-stream: 3.0.0
      merge-stream: 2.0.0
      npm-run-path: 5.1.0
      onetime: 6.0.0
      signal-exit: 3.0.7
      strip-final-newline: 3.0.0
    dev: true

  /fill-range/7.0.1:
    resolution: {integrity: sha512-qOo9F+dMUmC2Lcb4BbVvnKJxTPjCm+RRpe4gDuGrzkL7mEVl/djYSu2OdQ2Pa302N4oqkSg9ir6jaLWJ2USVpQ==}
    engines: {node: '>=8'}
    dependencies:
      to-regex-range: 5.0.1
    dev: true

  /fsevents/2.3.2:
    resolution: {integrity: sha512-xiqMQR4xAeHTuB9uWm+fFRcIOgKBMiOBP+eXiyT7jsgVCq1bkVygt00oASowB7EdtpOHaaPgKt812P9ab+DDKA==}
    engines: {node: ^8.16.0 || ^10.6.0 || >=11.0.0}
    os: [darwin]
    requiresBuild: true
    dev: true
    optional: true

  /get-stream/6.0.1:
    resolution: {integrity: sha512-ts6Wi+2j3jQjqi70w5AlN8DFnkSwC+MqmxEzdEALB2qXZYV3X/b1CTfgPLGJNMeAWxdPfU8FO1ms3NUfaHCPYg==}
    engines: {node: '>=10'}
    dev: true

  /hash.js/1.1.7:
    resolution: {integrity: sha512-taOaskGt4z4SOANNseOviYDvjEJinIkRgmp7LbKP2YTTmVxWBl87s/uzK9r+44BclBSp2X7K1hqeNfz9JbBeXA==}
    dependencies:
      inherits: 2.0.4
      minimalistic-assert: 1.0.1

  /hmac-drbg/1.0.1:
    resolution: {integrity: sha1-0nRXAQJabHdabFRXk+1QL8DGSaE=}
    dependencies:
      hash.js: 1.1.7
      minimalistic-assert: 1.0.1
      minimalistic-crypto-utils: 1.0.1

  /human-signals/2.1.0:
    resolution: {integrity: sha512-B4FFZ6q/T2jhhksgkbEW3HBvWIfDW85snkQgawt07S7J5QXTk6BkNV+0yAeZrM5QpMAdYlocGoljn0sJ/WQkFw==}
    engines: {node: '>=10.17.0'}
    dev: true

  /human-signals/3.0.1:
    resolution: {integrity: sha512-rQLskxnM/5OCldHo+wNXbpVgDn5A17CUoKX+7Sokwaknlq7CdSnphy0W39GU8dw59XiCXmFXDg4fRuckQRKewQ==}
    engines: {node: '>=12.20.0'}
    dev: true

  /husky/7.0.4:
    resolution: {integrity: sha512-vbaCKN2QLtP/vD4yvs6iz6hBEo6wkSzs8HpRah1Z6aGmF2KW5PdYuAd7uX5a+OyBZHBhd+TFLqgjUgytQr4RvQ==}
    engines: {node: '>=12'}
    hasBin: true
    dev: true

  /indent-string/4.0.0:
    resolution: {integrity: sha512-EdDDZu4A2OyIK7Lr/2zG+w5jmbuk1DVBnEwREQvBzspBJkCEbRa8GxU1lghYcaGJCnRWibjDXlq779X1/y5xwg==}
    engines: {node: '>=8'}
    dev: true

  /inherits/2.0.4:
    resolution: {integrity: sha512-k/vGaX4/Yla3WzyMCvTQOXYeIHvqOKtnqBduzTHpzpQZzAskKMhZ2K+EnBiSM9zGSoIFeMpXKxa4dYeZIQqewQ==}

  /is-fullwidth-code-point/3.0.0:
    resolution: {integrity: sha512-zymm5+u+sCsSWyD9qNaejV3DFvhCKclKdizYaJUuHA83RLjb7nSuGnddCHGv0hk+KY7BMAlsWeK4Ueg6EV6XQg==}
    engines: {node: '>=8'}
    dev: true

  /is-fullwidth-code-point/4.0.0:
    resolution: {integrity: sha512-O4L094N2/dZ7xqVdrXhh9r1KODPJpFms8B5sGdJLPy664AgvXsreZUyCQQNItZRDlYug4xStLjNp/sz3HvBowQ==}
    engines: {node: '>=12'}
    dev: true

  /is-number/7.0.0:
    resolution: {integrity: sha512-41Cifkg6e8TylSpdtTpeLVMqvSBEVzTttHvERD741+pnZ8ANv0004MRL43QKPDlK9cGvNp6NZWZUBlbGXYxxng==}
    engines: {node: '>=0.12.0'}
    dev: true

  /is-stream/2.0.1:
    resolution: {integrity: sha512-hFoiJiTl63nn+kstHGBtewWSKnQLpyb155KHheA1l39uvtO9nWIop1p3udqPcUd/xbF1VLMO4n7OI6p7RbngDg==}
    engines: {node: '>=8'}
    dev: true

  /is-stream/3.0.0:
    resolution: {integrity: sha512-LnQR4bZ9IADDRSkvpqMGvt/tEJWclzklNgSw48V5EAaAeDd6qGvN8ei6k5p0tvxSR171VmGyHuTiAOfxAbr8kA==}
    engines: {node: ^12.20.0 || ^14.13.1 || >=16.0.0}
    dev: true

  /isexe/2.0.0:
    resolution: {integrity: sha1-6PvzdNxVb/iUehDcsFctYz8s+hA=}
    dev: true

  /js-sha3/0.8.0:
    resolution: {integrity: sha512-gF1cRrHhIzNfToc802P800N8PpXS+evLLXfsVpowqmAFR9uwbi89WvXg2QspOmXL8QL86J4T1EpFu+yUkwJY3Q==}

  /lilconfig/2.0.4:
    resolution: {integrity: sha512-bfTIN7lEsiooCocSISTWXkiWJkRqtL9wYtYy+8EK3Y41qh3mpwPU0ycTOgjdY9ErwXCc8QyrQp82bdL0Xkm9yA==}
    engines: {node: '>=10'}
    dev: true

  /lint-staged/12.3.7:
    resolution: {integrity: sha512-/S4D726e2GIsDVWIk1XGvheCaDm1SJRQp8efamZFWJxQMVEbOwSysp7xb49Oo73KYCdy97mIWinhlxcoNqIfIQ==}
    engines: {node: ^12.20.0 || ^14.13.1 || >=16.0.0}
    hasBin: true
    dependencies:
      cli-truncate: 3.1.0
      colorette: 2.0.16
      commander: 8.3.0
      debug: 4.3.4_supports-color@9.2.1
      execa: 5.1.1
      lilconfig: 2.0.4
      listr2: 4.0.5
      micromatch: 4.0.5
      normalize-path: 3.0.0
      object-inspect: 1.12.0
      pidtree: 0.5.0
      string-argv: 0.3.1
      supports-color: 9.2.1
      yaml: 1.10.2
    transitivePeerDependencies:
      - enquirer
    dev: true

  /listr2/4.0.5:
    resolution: {integrity: sha512-juGHV1doQdpNT3GSTs9IUN43QJb7KHdF9uqg7Vufs/tG9VTzpFphqF4pm/ICdAABGQxsyNn9CiYA3StkI6jpwA==}
    engines: {node: '>=12'}
    peerDependencies:
      enquirer: '>= 2.3.0 < 3'
    peerDependenciesMeta:
      enquirer:
        optional: true
    dependencies:
      cli-truncate: 2.1.0
      colorette: 2.0.16
      log-update: 4.0.0
      p-map: 4.0.0
      rfdc: 1.3.0
      rxjs: 7.5.5
      through: 2.3.8
      wrap-ansi: 7.0.0
    dev: true

  /log-update/4.0.0:
    resolution: {integrity: sha512-9fkkDevMefjg0mmzWFBW8YkFP91OrizzkW3diF7CpG+S2EYdy4+TVfGwz1zeF8x7hCx1ovSPTOE9Ngib74qqUg==}
    engines: {node: '>=10'}
    dependencies:
      ansi-escapes: 4.3.2
      cli-cursor: 3.1.0
      slice-ansi: 4.0.0
      wrap-ansi: 6.2.0
    dev: true

  /merge-stream/2.0.0:
    resolution: {integrity: sha512-abv/qOcuPfk3URPfDzmZU1LKmuw8kT+0nIHvKrKgFrwifol/doWcdA4ZqsWQ8ENrFKkd67Mfpo/LovbIUsbt3w==}
    dev: true

  /micromatch/4.0.5:
    resolution: {integrity: sha512-DMy+ERcEW2q8Z2Po+WNXuw3c5YaUSFjAO5GsJqfEl7UjvtIuFKO6ZrKvcItdy98dwFI2N1tg3zNIdKaQT+aNdA==}
    engines: {node: '>=8.6'}
    dependencies:
      braces: 3.0.2
      picomatch: 2.3.1
    dev: true

  /mimic-fn/2.1.0:
    resolution: {integrity: sha512-OqbOk5oEQeAZ8WXWydlu9HJjz9WVdEIvamMCcXmuqUYjTknH/sqsWvhQ3vgwKFRR1HpjvNBKQ37nbJgYzGqGcg==}
    engines: {node: '>=6'}
    dev: true

  /mimic-fn/4.0.0:
    resolution: {integrity: sha512-vqiC06CuhBTUdZH+RYl8sFrL096vA45Ok5ISO6sE/Mr1jRbGH4Csnhi8f3wKVl7x8mO4Au7Ir9D3Oyv1VYMFJw==}
    engines: {node: '>=12'}
    dev: true

  /minimalistic-assert/1.0.1:
    resolution: {integrity: sha512-UtJcAD4yEaGtjPezWuO9wC4nwUnVH/8/Im3yEHQP4b67cXlD/Qr9hdITCU1xDbSEXg2XKNaP8jsReV7vQd00/A==}

  /minimalistic-crypto-utils/1.0.1:
    resolution: {integrity: sha1-9sAMHAsIIkblxNmd+4x8CDsrWCo=}

  /ms/2.1.2:
    resolution: {integrity: sha512-sGkPx+VjMtmA6MX27oA4FBFELFCZZ4S4XqeGOXCv68tT+jb3vk/RyaKWP0PTKyWtmLSM0b+adUTEvbs1PEaH2w==}
    dev: true

  /normalize-path/3.0.0:
    resolution: {integrity: sha512-6eZs5Ls3WtCisHWp9S2GUy8dqkpGi4BVSz3GaqiE6ezub0512ESztXUwUB6C6IKbQkY2Pnb/mD4WYojCRwcwLA==}
    engines: {node: '>=0.10.0'}
    dev: true

  /npm-run-path/4.0.1:
    resolution: {integrity: sha512-S48WzZW777zhNIrn7gxOlISNAqi9ZC/uQFnRdbeIHhZhCA6UqpkOT8T1G7BvfdgP4Er8gF4sUbaS0i7QvIfCWw==}
    engines: {node: '>=8'}
    dependencies:
      path-key: 3.1.1
    dev: true

  /npm-run-path/5.1.0:
    resolution: {integrity: sha512-sJOdmRGrY2sjNTRMbSvluQqg+8X7ZK61yvzBEIDhz4f8z1TZFYABsqjjCBd/0PUNE9M6QDgHJXQkGUEm7Q+l9Q==}
    engines: {node: ^12.20.0 || ^14.13.1 || >=16.0.0}
    dependencies:
      path-key: 4.0.0
    dev: true

  /object-inspect/1.12.0:
    resolution: {integrity: sha512-Ho2z80bVIvJloH+YzRmpZVQe87+qASmBUKZDWgx9cu+KDrX2ZDH/3tMy+gXbZETVGs2M8YdxObOh7XAtim9Y0g==}
    dev: true

  /onetime/5.1.2:
    resolution: {integrity: sha512-kbpaSSGJTWdAY5KPVeMOKXSrPtr8C8C7wodJbcsd51jRnmD+GZu8Y0VoU6Dm5Z4vWr0Ig/1NKuWRKf7j5aaYSg==}
    engines: {node: '>=6'}
    dependencies:
      mimic-fn: 2.1.0
    dev: true

  /onetime/6.0.0:
    resolution: {integrity: sha512-1FlR+gjXK7X+AsAHso35MnyN5KqGwJRi/31ft6x0M194ht7S+rWAvd7PHss9xSKMzE0asv1pyIHaJYq+BbacAQ==}
    engines: {node: '>=12'}
    dependencies:
      mimic-fn: 4.0.0
    dev: true

  /p-map/4.0.0:
    resolution: {integrity: sha512-/bjOqmgETBYB5BoEeGVea8dmvHb2m9GLy1E9W43yeyfP6QQCZGFNa+XRceJEuDB6zqr+gKpIAmlLebMpykw/MQ==}
    engines: {node: '>=10'}
    dependencies:
      aggregate-error: 3.1.0
    dev: true

  /path-key/3.1.1:
    resolution: {integrity: sha512-ojmeN0qd+y0jszEtoY48r0Peq5dwMEkIlCOu6Q5f41lfkswXuKtYrhgoTpLnyIcHm24Uhqx+5Tqm2InSwLhE6Q==}
    engines: {node: '>=8'}
    dev: true

  /path-key/4.0.0:
    resolution: {integrity: sha512-haREypq7xkM7ErfgIyA0z+Bj4AGKlMSdlQE2jvJo6huWD1EdkKYV+G/T4nq0YEF2vgTT8kqMFKo1uHn950r4SQ==}
    engines: {node: '>=12'}
    dev: true

  /picomatch/2.3.1:
    resolution: {integrity: sha512-JU3teHTNjmE2VCGFzuY8EXzCDVwEqB2a8fsIvwaStHhAWJEeVd1o1QD80CU6+ZdEXXSLbSsuLwJjkCBWqRQUVA==}
    engines: {node: '>=8.6'}
    dev: true

  /pidtree/0.5.0:
    resolution: {integrity: sha512-9nxspIM7OpZuhBxPg73Zvyq7j1QMPMPsGKTqRc2XOaFQauDvoNz9fM1Wdkjmeo7l9GXOZiRs97sPkuayl39wjA==}
    engines: {node: '>=0.10'}
    hasBin: true
    dev: true

  /prettier/2.6.1:
    resolution: {integrity: sha512-8UVbTBYGwN37Bs9LERmxCPjdvPxlEowx2urIL6urHzdb3SDq4B/Z6xLFCblrSnE4iKWcS6ziJ3aOYrc1kz/E2A==}
    engines: {node: '>=10.13.0'}
    hasBin: true
    dev: true

  /restore-cursor/3.1.0:
    resolution: {integrity: sha512-l+sSefzHpj5qimhFSE5a8nufZYAM3sBSVMAPtYkmC+4EH2anSGaEMXSD0izRQbu9nfyQ9y5JrVmp7E8oZrUjvA==}
    engines: {node: '>=8'}
    dependencies:
      onetime: 5.1.2
      signal-exit: 3.0.7
    dev: true

  /rfdc/1.3.0:
    resolution: {integrity: sha512-V2hovdzFbOi77/WajaSMXk2OLm+xNIeQdMMuB7icj7bk6zi2F8GGAxigcnDFpJHbNyNcgyJDiP+8nOrY5cZGrA==}
    dev: true

  /rollup/2.67.0:
    resolution: {integrity: sha512-W83AaERwvDiHwHEF/dfAfS3z1Be5wf7n+pO3ZAO5IQadCT2lBTr7WQ2MwZZe+nodbD+n3HtC4OCOAdsOPPcKZQ==}
    engines: {node: '>=10.0.0'}
    hasBin: true
    optionalDependencies:
      fsevents: 2.3.2
    dev: true

  /rxjs/7.5.5:
    resolution: {integrity: sha512-sy+H0pQofO95VDmFLzyaw9xNJU4KTRSwQIGM6+iG3SypAtCiLDzpeG8sJrNCWn2Up9km+KhkvTdbkrdy+yzZdw==}
    dependencies:
      tslib: 2.3.1
    dev: true

  /scrypt-js/3.0.1:
    resolution: {integrity: sha512-cdwTTnqPu0Hyvf5in5asVdZocVDTNRmR7XEcJuIzMjJeSHybHl7vpB66AzwTaIg6CLSbtjcxc8fqcySfnTkccA==}
    dev: false

  /shebang-command/2.0.0:
    resolution: {integrity: sha512-kHxr2zZpYtdmrN1qDjrrX/Z1rR1kG8Dx+gkpK1G4eXmvXswmcE1hTWBWYUzlraYw1/yZp6YuDY77YtvbN0dmDA==}
    engines: {node: '>=8'}
    dependencies:
      shebang-regex: 3.0.0
    dev: true

  /shebang-regex/3.0.0:
    resolution: {integrity: sha512-7++dFhtcx3353uBaq8DDR4NuxBetBzC7ZQOhmTQInHEd6bSrXdiEyzCvG07Z44UYdLShWUyXt5M/yhz8ekcb1A==}
    engines: {node: '>=8'}
    dev: true

  /signal-exit/3.0.7:
    resolution: {integrity: sha512-wnD2ZE+l+SPC/uoS0vXeE9L1+0wuaMqKlfz9AMUo38JsyLSBWSFcHR1Rri62LZc12vLr1gb3jl7iwQhgwpAbGQ==}
    dev: true

  /slice-ansi/3.0.0:
    resolution: {integrity: sha512-pSyv7bSTC7ig9Dcgbw9AuRNUb5k5V6oDudjZoMBSr13qpLBG7tB+zgCkARjq7xIUgdz5P1Qe8u+rSGdouOOIyQ==}
    engines: {node: '>=8'}
    dependencies:
      ansi-styles: 4.3.0
      astral-regex: 2.0.0
      is-fullwidth-code-point: 3.0.0
    dev: true

  /slice-ansi/4.0.0:
    resolution: {integrity: sha512-qMCMfhY040cVHT43K9BFygqYbUPFZKHOg7K73mtTWJRb8pyP3fzf4Ixd5SzdEJQ6MRUg/WBnOLxghZtKKurENQ==}
    engines: {node: '>=10'}
    dependencies:
      ansi-styles: 4.3.0
      astral-regex: 2.0.0
      is-fullwidth-code-point: 3.0.0
    dev: true

  /slice-ansi/5.0.0:
    resolution: {integrity: sha512-FC+lgizVPfie0kkhqUScwRu1O/lF6NOgJmlCgK+/LYxDCTk8sGelYaHDhFcDN+Sn3Cv+3VSa4Byeo+IMCzpMgQ==}
    engines: {node: '>=12'}
    dependencies:
      ansi-styles: 6.1.0
      is-fullwidth-code-point: 4.0.0
    dev: true

  /slugify/1.6.5:
    resolution: {integrity: sha512-8mo9bslnBO3tr5PEVFzMPIWwWnipGS0xVbYf65zxDqfNwmzYn1LpiKNrR6DlClusuvo+hDHd1zKpmfAe83NQSQ==}
    engines: {node: '>=8.0.0'}
    dev: false

  /string-argv/0.3.1:
    resolution: {integrity: sha512-a1uQGz7IyVy9YwhqjZIZu1c8JO8dNIe20xBmSS6qu9kv++k3JGzCVmprbNN5Kn+BgzD5E7YYwg1CcjuJMRNsvg==}
    engines: {node: '>=0.6.19'}
    dev: true

  /string-width/4.2.3:
    resolution: {integrity: sha512-wKyQRQpjJ0sIp62ErSZdGsjMJWsap5oRNihHhu6G7JVO/9jIB6UyevL+tXuOqrng8j/cxKTWyWUwvSTriiZz/g==}
    engines: {node: '>=8'}
    dependencies:
      emoji-regex: 8.0.0
      is-fullwidth-code-point: 3.0.0
      strip-ansi: 6.0.1
    dev: true

  /string-width/5.1.2:
    resolution: {integrity: sha512-HnLOCR3vjcY8beoNLtcjZ5/nxn2afmME6lhrDrebokqMap+XbeW8n9TXpPDOqdGK5qcI3oT0GKTW6wC7EMiVqA==}
    engines: {node: '>=12'}
    dependencies:
      eastasianwidth: 0.2.0
      emoji-regex: 9.2.2
      strip-ansi: 7.0.1
    dev: true

  /strip-ansi/6.0.1:
    resolution: {integrity: sha512-Y38VPSHcqkFrCpFnQ9vuSXmquuv5oXOKpGeT6aGrr3o3Gc9AlVa6JBfUSOCnbxGGZF+/0ooI7KrPuUSztUdU5A==}
    engines: {node: '>=8'}
    dependencies:
      ansi-regex: 5.0.1
    dev: true

  /strip-ansi/7.0.1:
    resolution: {integrity: sha512-cXNxvT8dFNRVfhVME3JAe98mkXDYN2O1l7jmcwMnOslDeESg1rF/OZMtK0nRAhiari1unG5cD4jG3rapUAkLbw==}
    engines: {node: '>=12'}
    dependencies:
      ansi-regex: 6.0.1
    dev: true

  /strip-final-newline/2.0.0:
    resolution: {integrity: sha512-BrpvfNAE3dcvq7ll3xVumzjKjZQ5tI1sEUIKr3Uoks0XUl45St3FlatVqef9prk4jRDzhW6WZg+3bk93y6pLjA==}
    engines: {node: '>=6'}
    dev: true

  /strip-final-newline/3.0.0:
    resolution: {integrity: sha512-dOESqjYr96iWYylGObzd39EuNTa5VJxyvVAEm5Jnh7KGo75V43Hk1odPQkNDyXNmUR6k+gEiDVXnjB8HJ3crXw==}
    engines: {node: '>=12'}
    dev: true

  /supports-color/9.2.1:
    resolution: {integrity: sha512-Obv7ycoCTG51N7y175StI9BlAXrmgZrFhZOb0/PyjHBher/NmsdBgbbQ1Inhq+gIhz6+7Gb+jWF2Vqi7Mf1xnQ==}
    engines: {node: '>=12'}
    dev: true

  /through/2.3.8:
    resolution: {integrity: sha1-DdTJ/6q8NXlgsbckEV1+Doai4fU=}
    dev: true

  /to-regex-range/5.0.1:
    resolution: {integrity: sha512-65P7iz6X5yEr1cwcgvQxbbIw7Uk3gOy5dIdtZ4rDveLqhrdJP+Li/Hx6tyK0NEb+2GCyneCMJiGqrADCSNk8sQ==}
    engines: {node: '>=8.0'}
    dependencies:
      is-number: 7.0.0
    dev: true

  /tslib/2.3.1:
    resolution: {integrity: sha512-77EbyPPpMz+FRFRuAFlWMtmgUWGe9UOG2Z25NqCwiIjRhOf5iKGuzSe5P2w1laq+FkRy4p+PCuVkJSGkzTEKVw==}
    dev: true

  /turbo-darwin-64/1.1.10:
    resolution: {integrity: sha512-MY/1mHg+tS/GaZKG805e5JSGNS8A4j/M2GzLwCbNL+lwGMfneNASri1vAd80ss3T2MgMsfsFMVyIQJljqpDBvA==}
    cpu: [x64]
    os: [darwin]
    requiresBuild: true
    dev: true
    optional: true

  /turbo-darwin-arm64/1.1.10:
    resolution: {integrity: sha512-gMPLseYqGKwdy6UHVWKMLA433ZTfQRV5FlYz5n4XVtx30cF6ajOqq12ykeCUUX/lZkH4Uq5zT0tNEYpUhUw7mA==}
    cpu: [arm64]
    os: [darwin]
    requiresBuild: true
    dev: true
    optional: true

  /turbo-freebsd-64/1.1.10:
    resolution: {integrity: sha512-wra27mvakr5ZFceQnCCSR8gHQtKV8Q0EhtzO/wEdyhEssw0wVaNtMHUOOdvFN0HLmjQmmLZgmfZbURc83UDuZQ==}
    cpu: [x64]
    os: [freebsd]
    requiresBuild: true
    dev: true
    optional: true

  /turbo-freebsd-arm64/1.1.10:
    resolution: {integrity: sha512-J2I76pTwtrEVjHt1+zWY/s/Y0YIGdWHBIWOjhCXi1E8dav98oGw+WUaiFwzAkcksAblOhNpDL3qhnrnm7kHqrg==}
    cpu: [arm64]
    os: [freebsd]
    requiresBuild: true
    dev: true
    optional: true

  /turbo-linux-32/1.1.10:
    resolution: {integrity: sha512-d1ILhEv2B/lOtpH4niFUKGb8YMU6G7gNCQCY6wG+SXARWJtDti+KiNWESechD5DycCIMgtE40XNy/c1US+LI5g==}
    cpu: [ia32]
    os: [linux]
    requiresBuild: true
    dev: true
    optional: true

  /turbo-linux-64/1.1.10:
    resolution: {integrity: sha512-8VEOiNJFNfUMZOyrN32wOcdT1Ik1nlIuTwkO4UeonAJhuWjTvdDLPCQkz0SECTu60q90l6nXCnNYtoZA6LrZzA==}
    cpu: [x64]
    os: [linux]
    requiresBuild: true
    dev: true
    optional: true

  /turbo-linux-arm/1.1.10:
    resolution: {integrity: sha512-qJ50K/s5MjpHjam+UdnK3GniEIv5XOBCZOGslgMMyz8V/q43vhB9BU9HQODclM89uQgsKxhs8Fue6ytOY4vIpg==}
    cpu: [arm]
    os: [linux]
    requiresBuild: true
    dev: true
    optional: true

  /turbo-linux-arm64/1.1.10:
    resolution: {integrity: sha512-ng3dEEL4SbBudF/UZzsOrfyJh8DLtTHawTepeS30FdtvYuVBXdCPc5BAhbawGoau/2AV4vrN3qzh9e3LCqD6Qg==}
    cpu: [arm64]
    os: [linux]
    requiresBuild: true
    dev: true
    optional: true

  /turbo-linux-mips64le/1.1.10:
    resolution: {integrity: sha512-Jd4yH7ZEXCo0xmdJWZ6YsyqcNLyL5vRU3j5ZT+1W97YJCT+g+1on3/nd3rBVPzVz52lb8JIqgGtrBrnOO0AWJg==}
    cpu: [mips64el]
    os: [linux]
    requiresBuild: true
    dev: true
    optional: true

  /turbo-linux-ppc64le/1.1.10:
    resolution: {integrity: sha512-YF8+Oi53glqY29O1A7KJsHZxBzeVBobYFnPEXMt8vm+ouuo8kkbxXxShOP4h+33YGEkesTw/CTXtfDC1Xj1hDw==}
    cpu: [ppc64]
    os: [linux]
    requiresBuild: true
    dev: true
    optional: true

  /turbo-windows-32/1.1.10:
    resolution: {integrity: sha512-IO92tVTCtWVPPgcCjf8J7AmBEcwnjv1zPq7t9GFdqZ/6QA06atgPJNzQ/QvyzbzJgUsJUN2ByzwT04o4QUbrBQ==}
    cpu: [ia32]
    os: [win32]
    requiresBuild: true
    dev: true
    optional: true

  /turbo-windows-64/1.1.10:
    resolution: {integrity: sha512-g/RIXaVDaOgliHEJuOsuB6Tefwue9fXBH1/iIH9dmT3Z7lL0banGh+C10RW6Jd6PBPMoPBWir9PLYuzxoPcCNQ==}
    cpu: [x64]
    os: [win32]
    requiresBuild: true
    dev: true
    optional: true

  /turbo/1.1.10:
    resolution: {integrity: sha512-y8vx8uIyBRFI3aFjZ3PeGaOvYtNk6t7xNLzRsPY+xtnknTeqdBad56ElS8z+j0RyVwKCvI+wgvTHGkEle4VnJA==}
    hasBin: true
    requiresBuild: true
    optionalDependencies:
      turbo-darwin-64: 1.1.10
      turbo-darwin-arm64: 1.1.10
      turbo-freebsd-64: 1.1.10
      turbo-freebsd-arm64: 1.1.10
      turbo-linux-32: 1.1.10
      turbo-linux-64: 1.1.10
      turbo-linux-arm: 1.1.10
      turbo-linux-arm64: 1.1.10
      turbo-linux-mips64le: 1.1.10
      turbo-linux-ppc64le: 1.1.10
      turbo-windows-32: 1.1.10
      turbo-windows-64: 1.1.10
    dev: true

  /type-fest/0.21.3:
    resolution: {integrity: sha512-t0rzBq87m3fVcduHDUFhKmyyX+9eo6WQjZvf51Ea/M0Q7+T374Jp1aUiyUl0GKxp8M/OETVHSDvmkyPgvX+X2w==}
    engines: {node: '>=10'}
    dev: true

  /typescript/4.5.5:
    resolution: {integrity: sha512-TCTIul70LyWe6IJWT8QSYeA54WQe8EjQFU4wY52Fasj5UKx88LNYKCgBEHcOMOrFF1rKGbD8v/xcNWVUq9SymA==}
    engines: {node: '>=4.2.0'}
    hasBin: true
    dev: true

  /uuid/8.3.2:
    resolution: {integrity: sha512-+NYs2QeMWy+GWFOEm9xnn6HCDp0l7QBD7ml8zLUmJ+93Q5NF0NocErnwkTkXVFNiX3/fpC6afS8Dhb/gz7R7eg==}
    hasBin: true
    dev: false

  /which/2.0.2:
    resolution: {integrity: sha512-BLI3Tl1TW3Pvl70l3yq3Y64i+awpwXqsGBYWkkqMtnbXgrMD+yj7rhW0kuEDxzJaYXGjEW5ogapKNMEKNMjibA==}
    engines: {node: '>= 8'}
    hasBin: true
    dependencies:
      isexe: 2.0.0
    dev: true

  /wrap-ansi/6.2.0:
    resolution: {integrity: sha512-r6lPcBGxZXlIcymEu7InxDMhdW0KDxpLgoFLcguasxCaJ/SOIZwINatK9KY/tf+ZrlywOKU0UDj3ATXUBfxJXA==}
    engines: {node: '>=8'}
    dependencies:
      ansi-styles: 4.3.0
      string-width: 4.2.3
      strip-ansi: 6.0.1
    dev: true

  /wrap-ansi/7.0.0:
    resolution: {integrity: sha512-YVGIj2kamLSTxw6NsZjoBxfSwsn0ycdesmc4p+Q21c5zPuZ1pl+NfxVdxPtdHvmNVOQ6XSYG4AUtyt/Fi7D16Q==}
    engines: {node: '>=10'}
    dependencies:
      ansi-styles: 4.3.0
      string-width: 4.2.3
      strip-ansi: 6.0.1
    dev: true

  /ws/7.4.6:
    resolution: {integrity: sha512-YmhHDO4MzaDLB+M9ym/mDA5z0naX8j7SIlT8f8z+I0VtzsRbekxEutHSme7NPS2qE8StCYQNUnfWdXta/Yu85A==}
    engines: {node: '>=8.3.0'}
    peerDependencies:
      bufferutil: ^4.0.1
      utf-8-validate: ^5.0.2
    peerDependenciesMeta:
      bufferutil:
        optional: true
      utf-8-validate:
        optional: true

  /yaml/1.10.2:
    resolution: {integrity: sha512-r3vXyErRCYJ7wg28yvBY5VSoAF8ZvlcW9/BwUzEtUsjvX/DKs24dIkuwjtuprwJJHsbyUbLApepYTR1BN4uHrg==}
    engines: {node: '>= 6'}
    dev: true
